
Microsoft Visual Studio Solution File, Format Version 12.00
# Visual Studio 15
VisualStudioVersion = 15.0.27428.2043
MinimumVisualStudioVersion = 10.0.40219.1
Project("{FAE04EC0-301F-11D3-BF4B-00C04F79EFBC}") = "HelloWebApiDemo", "HelloWebApiDemo\HelloWebApiDemo.csproj", "{F7409619-8CC3-43AC-970F-3586864FD66D}"
EndProject
Global
	GlobalSection(SolutionConfigurationPlatforms) = preSolution
		Debug|Any CPU = Debug|Any CPU
		Release|Any CPU = Release|Any CPU
	EndGlobalSection
	GlobalSection(ProjectConfigurationPlatforms) = postSolution
		{F7409619-8CC3-43AC-970F-3586864FD66D}.Debug|Any CPU.ActiveCfg = Debug|Any CPU
		{F7409619-8CC3-43AC-970F-3586864FD66D}.Debug|Any CPU.Build.0 = Debug|Any CPU
		{F7409619-8CC3-43AC-970F-3586864FD66D}.Release|Any CPU.ActiveCfg = Release|Any CPU
		{F7409619-8CC3-43AC-970F-3586864FD66D}.Release|Any CPU.Build.0 = Release|Any CPU
	EndGlobalSection
	GlobalSection(SolutionProperties) = preSolution
		HideSolutionNode = FALSE
	EndGlobalSection
	GlobalSection(ExtensibilityGlobals) = postSolution
		SolutionGuid = {A17FBF8A-A795-4A6F-9E54-0F810931B3E1}
	EndGlobalSection
EndGlobal
